
Microsoft Visual Studio Solution File, Format Version 12.00
# 
Project("{FAE04EC0-301F-11D3-BF4B-00C04F79EFBC}") = "FileMover", "FileMover\FileMover.csproj", "{C24D4C21-FB97-4C72-B9C0-365C9981455D}"
EndProject
Global
	GlobalSection(SolutionConfigurationPlatforms) = preSolution
		Debug|Any CPU = Debug|Any CPU
		Release|Any CPU = Release|Any CPU
	EndGlobalSection
	GlobalSection(ProjectConfigurationPlatforms) = postSolution
		{C24D4C21-FB97-4C72-B9C0-365C9981455D}.Debug|Any CPU.ActiveCfg = Debug|Any CPU
		{C24D4C21-FB97-4C72-B9C0-365C9981455D}.Debug|Any CPU.Build.0 = Debug|Any CPU
		{C24D4C21-FB97-4C72-B9C0-365C9981455D}.Release|Any CPU.ActiveCfg = Release|Any CPU
		{C24D4C21-FB97-4C72-B9C0-365C9981455D}.Release|Any CPU.Build.0 = Release|Any CPU
	EndGlobalSection
EndGlobal
